
Microsoft Visual Studio Solution File, Format Version 12.00
# Visual Studio Version 17
VisualStudioVersion = 17.5.33414.496
MinimumVisualStudioVersion = 10.0.40219.1
Project("{FAE04EC0-301F-11D3-BF4B-00C04F79EFBC}") = "BattleShip", "BattleShip\BattleShip.csproj", "{2BFE54A8-4669-43E6-8C64-44F9FEDD168B}"
EndProject
Global
	GlobalSection(SolutionConfigurationPlatforms) = preSolution
		Debug|Any CPU = Debug|Any CPU
		Release|Any CPU = Release|Any CPU
	EndGlobalSection
	GlobalSection(ProjectConfigurationPlatforms) = postSolution
		{2BFE54A8-4669-43E6-8C64-44F9FEDD168B}.Debug|Any CPU.ActiveCfg = Debug|Any CPU
		{2BFE54A8-4669-43E6-8C64-44F9FEDD168B}.Debug|Any CPU.Build.0 = Debug|Any CPU
		{2BFE54A8-4669-43E6-8C64-44F9FEDD168B}.Release|Any CPU.ActiveCfg = Release|Any CPU
		{2BFE54A8-4669-43E6-8C64-44F9FEDD168B}.Release|Any CPU.Build.0 = Release|Any CPU
	EndGlobalSection
	GlobalSection(SolutionProperties) = preSolution
		HideSolutionNode = FALSE
	EndGlobalSection
	GlobalSection(ExtensibilityGlobals) = postSolution
		SolutionGuid = {5644CA7C-0EB1-4F6F-812D-C27F6EF0F64B}
	EndGlobalSection
EndGlobal
